
Microsoft Visual Studio Solution File, Format Version 12.00
# Visual Studio 14
VisualStudioVersion = 14.0.23107.0
MinimumVisualStudioVersion = 10.0.40219.1
Project("{FAE04EC0-301F-11D3-BF4B-00C04F79EFBC}") = "mypro", "mypro\mypro.csproj", "{43916CA0-F878-4A70-8644-CC56FDD1E143}"
EndProject
Global
	GlobalSection(SolutionConfigurationPlatforms) = preSolution
		Debug|Any CPU = Debug|Any CPU
		Release|Any CPU = Release|Any CPU
	EndGlobalSection
	GlobalSection(ProjectConfigurationPlatforms) = postSolution
		{43916CA0-F878-4A70-8644-CC56FDD1E143}.Debug|Any CPU.ActiveCfg = Debug|Any CPU
		{43916CA0-F878-4A70-8644-CC56FDD1E143}.Debug|Any CPU.Build.0 = Debug|Any CPU
		{43916CA0-F878-4A70-8644-CC56FDD1E143}.Release|Any CPU.ActiveCfg = Release|Any CPU
		{43916CA0-F878-4A70-8644-CC56FDD1E143}.Release|Any CPU.Build.0 = Release|Any CPU
	EndGlobalSection
	GlobalSection(SolutionProperties) = preSolution
		HideSolutionNode = FALSE
	EndGlobalSection
EndGlobal
